
Microsoft Visual Studio Solution File, Format Version 12.00
# Visual Studio Version 17
VisualStudioVersion = 17.10.34928.147
MinimumVisualStudioVersion = 10.0.40219.1
Project("{FAE04EC0-301F-11D3-BF4B-00C04F79EFBC}") = "LybSys", "LybSys.csproj", "{12B10335-591B-4E24-8108-E9D70E9951B5}"
EndProject
Global
	GlobalSection(SolutionConfigurationPlatforms) = preSolution
		Debug|Any CPU = Debug|Any CPU
		Release|Any CPU = Release|Any CPU
	EndGlobalSection
	GlobalSection(ProjectConfigurationPlatforms) = postSolution
		{12B10335-591B-4E24-8108-E9D70E9951B5}.Debug|Any CPU.ActiveCfg = Debug|Any CPU
		{12B10335-591B-4E24-8108-E9D70E9951B5}.Debug|Any CPU.Build.0 = Debug|Any CPU
		{12B10335-591B-4E24-8108-E9D70E9951B5}.Release|Any CPU.ActiveCfg = Release|Any CPU
		{12B10335-591B-4E24-8108-E9D70E9951B5}.Release|Any CPU.Build.0 = Release|Any CPU
	EndGlobalSection
	GlobalSection(SolutionProperties) = preSolution
		HideSolutionNode = FALSE
	EndGlobalSection
	GlobalSection(ExtensibilityGlobals) = postSolution
		SolutionGuid = {F8C0C0B7-1F35-4618-BE38-F289FDBA1D98}
	EndGlobalSection
EndGlobal
